// !$*UTF8*$!
{
	archiveVersion = 1;
	classes = {
	};
	objectVersion = 46;
	objects = {

/* Begin PBXBuildFile section */
		F14FA32E17741B5900868C1C /* UIKit.framework in Frameworks */ = {isa = PBXBuildFile; fileRef = F14FA32D17741B5900868C1C /* UIKit.framework */; };
		F14FA33017741B5900868C1C /* Foundation.framework in Frameworks */ = {isa = PBXBuildFile; fileRef = F14FA32F17741B5900868C1C /* Foundation.framework */; };
		F14FA33217741B5900868C1C /* CoreGraphics.framework in Frameworks */ = {isa = PBXBuildFile; fileRef = F14FA33117741B5900868C1C /* CoreGraphics.framework */; };
		F14FA33817741B5900868C1C /* InfoPlist.strings in Resources */ = {isa = PBXBuildFile; fileRef = F14FA33617741B5900868C1C /* InfoPlist.strings */; };
		F14FA33A17741B5900868C1C /* main.m in Sources */ = {isa = PBXBuildFile; fileRef = F14FA33917741B5900868C1C /* main.m */; };
		F14FA33E17741B5900868C1C /* AppDelegate.m in Sources */ = {isa = PBXBuildFile; fileRef = F14FA33D17741B5900868C1C /* AppDelegate.m */; };
		F14FA34017741B5900868C1C /* Default.png in Resources */ = {isa = PBXBuildFile; fileRef = F14FA33F17741B5900868C1C /* Default.png */; };
		F14FA34217741B5900868C1C /* Default@2x.png in Resources */ = {isa = PBXBuildFile; fileRef = F14FA34117741B5900868C1C /* Default@2x.png */; };
		F14FA34417741B5900868C1C /* Default-568h@2x.png in Resources */ = {isa = PBXBuildFile; fileRef = F14FA34317741B5900868C1C /* Default-568h@2x.png */; };
		F14FA34717741B5900868C1C /* MainStoryboard.storyboard in Resources */ = {isa = PBXBuildFile; fileRef = F14FA34517741B5900868C1C /* MainStoryboard.storyboard */; };
		F14FA34A17741B5900868C1C /* MainViewController.m in Sources */ = {isa = PBXBuildFile; fileRef = F14FA34917741B5900868C1C /* MainViewController.m */; };
		F14FA34D17741B5900868C1C /* FlipsideViewController.m in Sources */ = {isa = PBXBuildFile; fileRef = F14FA34C17741B5900868C1C /* FlipsideViewController.m */; };
		F14FA35517741B5A00868C1C /* SenTestingKit.framework in Frameworks */ = {isa = PBXBuildFile; fileRef = F14FA35417741B5A00868C1C /* SenTestingKit.framework */; };
		F14FA35617741B5A00868C1C /* UIKit.framework in Frameworks */ = {isa = PBXBuildFile; fileRef = F14FA32D17741B5900868C1C /* UIKit.framework */; };
		F14FA35717741B5A00868C1C /* Foundation.framework in Frameworks */ = {isa = PBXBuildFile; fileRef = F14FA32F17741B5900868C1C /* Foundation.framework */; };
		F14FA35F17741B5A00868C1C /* InfoPlist.strings in Resources */ = {isa = PBXBuildFile; fileRef = F14FA35D17741B5A00868C1C /* InfoPlist.strings */; };
		F14FA36217741B5A00868C1C /* StudyBookTests.m in Sources */ = {isa = PBXBuildFile; fileRef = F14FA36117741B5A00868C1C /* StudyBookTests.m */; };
		F14FA36E177423F100868C1C /* RegistViewController.m in Sources */ = {isa = PBXBuildFile; fileRef = F14FA36D177423F100868C1C /* RegistViewController.m */; };
		F1AE89571779530000588EB7 /* LoginViewController.m in Sources */ = {isa = PBXBuildFile; fileRef = F1AE89561779530000588EB7 /* LoginViewController.m */; };
		F1AE8959177959F200588EB7 /* FacebookSDK.framework in Frameworks */ = {isa = PBXBuildFile; fileRef = F1AE8958177959F200588EB7 /* FacebookSDK.framework */; };
		F1AE895B17795F4100588EB7 /* Accounts.framework in Frameworks */ = {isa = PBXBuildFile; fileRef = F1AE895A17795F4100588EB7 /* Accounts.framework */; settings = {ATTRIBUTES = (Weak, ); }; };
		F1AE895D17795F4C00588EB7 /* AdSupport.framework in Frameworks */ = {isa = PBXBuildFile; fileRef = F1AE895C17795F4C00588EB7 /* AdSupport.framework */; settings = {ATTRIBUTES = (Weak, ); }; };
		F1AE895F17795F5F00588EB7 /* Security.framework in Frameworks */ = {isa = PBXBuildFile; fileRef = F1AE895E17795F5F00588EB7 /* Security.framework */; settings = {ATTRIBUTES = (Weak, ); }; };
		F1AE896117795F6900588EB7 /* Social.framework in Frameworks */ = {isa = PBXBuildFile; fileRef = F1AE896017795F6900588EB7 /* Social.framework */; settings = {ATTRIBUTES = (Weak, ); }; };
		F1AE896317795FAB00588EB7 /* libsqlite3.dylib in Frameworks */ = {isa = PBXBuildFile; fileRef = F1AE896217795FAB00588EB7 /* libsqlite3.dylib */; settings = {ATTRIBUTES = (Weak, ); }; };
		F1AE89651779616700588EB7 /* FacebookSDKResources.bundle in Resources */ = {isa = PBXBuildFile; fileRef = F1AE89641779616700588EB7 /* FacebookSDKResources.bundle */; };
		F1AE8A30177AA3A200588EB7 /* libRestKit.a in Frameworks */ = {isa = PBXBuildFile; fileRef = F1AE8A27177AA19100588EB7 /* libRestKit.a */; };
		F1AE8A32177AA3B400588EB7 /* CFNetwork.framework in Frameworks */ = {isa = PBXBuildFile; fileRef = F1AE8A31177AA3B400588EB7 /* CFNetwork.framework */; };
		F1AE8A34177AA3C500588EB7 /* CoreData.framework in Frameworks */ = {isa = PBXBuildFile; fileRef = F1AE8A33177AA3C500588EB7 /* CoreData.framework */; };
		F1AE8A36177AA3D800588EB7 /* libxml2.dylib in Frameworks */ = {isa = PBXBuildFile; fileRef = F1AE8A35177AA3D800588EB7 /* libxml2.dylib */; };
		F1AE8A38177AA3EC00588EB7 /* MobileCoreServices.framework in Frameworks */ = {isa = PBXBuildFile; fileRef = F1AE8A37177AA3EC00588EB7 /* MobileCoreServices.framework */; };
		F1AE8A3A177AA3F800588EB7 /* QuartzCore.framework in Frameworks */ = {isa = PBXBuildFile; fileRef = F1AE8A39177AA3F800588EB7 /* QuartzCore.framework */; };
		F1AE8A3C177AA40B00588EB7 /* SystemConfiguration.framework in Frameworks */ = {isa = PBXBuildFile; fileRef = F1AE8A3B177AA40B00588EB7 /* SystemConfiguration.framework */; };
		F1AE8A3F177AA68D00588EB7 /* Venue.m in Sources */ = {isa = PBXBuildFile; fileRef = F1AE8A3E177AA68D00588EB7 /* Venue.m */; };
/* End PBXBuildFile section */

/* Begin PBXContainerItemProxy section */
		F14FA35817741B5A00868C1C /* PBXContainerItemProxy */ = {
			isa = PBXContainerItemProxy;
			containerPortal = F14FA32217741B5900868C1C /* Project object */;
			proxyType = 1;
			remoteGlobalIDString = F14FA32917741B5900868C1C;
			remoteInfo = StudyBook;
		};
		F1AE8A26177AA19100588EB7 /* PBXContainerItemProxy */ = {
			isa = PBXContainerItemProxy;
			containerPortal = F1AE8A1F177AA19000588EB7 /* RestKit.xcodeproj */;
			proxyType = 2;
			remoteGlobalIDString = 25160D1614564E810060A5C5;
			remoteInfo = RestKit;
		};
		F1AE8A28177AA19100588EB7 /* PBXContainerItemProxy */ = {
			isa = PBXContainerItemProxy;
			containerPortal = F1AE8A1F177AA19000588EB7 /* RestKit.xcodeproj */;
			proxyType = 2;
			remoteGlobalIDString = 25160D2614564E820060A5C5;
			remoteInfo = RestKitTests;
		};
		F1AE8A2A177AA19100588EB7 /* PBXContainerItemProxy */ = {
			isa = PBXContainerItemProxy;
			containerPortal = F1AE8A1F177AA19000588EB7 /* RestKit.xcodeproj */;
			proxyType = 2;
			remoteGlobalIDString = 25160E62145651060060A5C5;
			remoteInfo = RestKitFramework;
		};
		F1AE8A2C177AA19100588EB7 /* PBXContainerItemProxy */ = {
			isa = PBXContainerItemProxy;
			containerPortal = F1AE8A1F177AA19000588EB7 /* RestKit.xcodeproj */;
			proxyType = 2;
			remoteGlobalIDString = 25160E78145651060060A5C5;
			remoteInfo = RestKitFrameworkTests;
		};
		F1AE8A2E177AA36200588EB7 /* PBXContainerItemProxy */ = {
			isa = PBXContainerItemProxy;
			containerPortal = F1AE8A1F177AA19000588EB7 /* RestKit.xcodeproj */;
			proxyType = 1;
			remoteGlobalIDString = 25160D1514564E810060A5C5;
			remoteInfo = RestKit;
		};
/* End PBXContainerItemProxy section */

/* Begin PBXFileReference section */
		F14FA32A17741B5900868C1C /* StudyBook.app */ = {isa = PBXFileReference; explicitFileType = wrapper.application; includeInIndex = 0; path = StudyBook.app; sourceTree = BUILT_PRODUCTS_DIR; };
		F14FA32D17741B5900868C1C /* UIKit.framework */ = {isa = PBXFileReference; lastKnownFileType = wrapper.framework; name = UIKit.framework; path = System/Library/Frameworks/UIKit.framework; sourceTree = SDKROOT; };
		F14FA32F17741B5900868C1C /* Foundation.framework */ = {isa = PBXFileReference; lastKnownFileType = wrapper.framework; name = Foundation.framework; path = System/Library/Frameworks/Foundation.framework; sourceTree = SDKROOT; };
		F14FA33117741B5900868C1C /* CoreGraphics.framework */ = {isa = PBXFileReference; lastKnownFileType = wrapper.framework; name = CoreGraphics.framework; path = System/Library/Frameworks/CoreGraphics.framework; sourceTree = SDKROOT; };
		F14FA33517741B5900868C1C /* StudyBook-Info.plist */ = {isa = PBXFileReference; lastKnownFileType = text.plist.xml; path = "StudyBook-Info.plist"; sourceTree = "<group>"; };
		F14FA33717741B5900868C1C /* en */ = {isa = PBXFileReference; lastKnownFileType = text.plist.strings; name = en; path = en.lproj/InfoPlist.strings; sourceTree = "<group>"; };
		F14FA33917741B5900868C1C /* main.m */ = {isa = PBXFileReference; lastKnownFileType = sourcecode.c.objc; path = main.m; sourceTree = "<group>"; };
		F14FA33B17741B5900868C1C /* StudyBook-Prefix.pch */ = {isa = PBXFileReference; lastKnownFileType = sourcecode.c.h; path = "StudyBook-Prefix.pch"; sourceTree = "<group>"; };
		F14FA33C17741B5900868C1C /* AppDelegate.h */ = {isa = PBXFileReference; lastKnownFileType = sourcecode.c.h; path = AppDelegate.h; sourceTree = "<group>"; };
		F14FA33D17741B5900868C1C /* AppDelegate.m */ = {isa = PBXFileReference; lastKnownFileType = sourcecode.c.objc; path = AppDelegate.m; sourceTree = "<group>"; };
		F14FA33F17741B5900868C1C /* Default.png */ = {isa = PBXFileReference; lastKnownFileType = image.png; path = Default.png; sourceTree = "<group>"; };
		F14FA34117741B5900868C1C /* Default@2x.png */ = {isa = PBXFileReference; lastKnownFileType = image.png; path = "Default@2x.png"; sourceTree = "<group>"; };
		F14FA34317741B5900868C1C /* Default-568h@2x.png */ = {isa = PBXFileReference; lastKnownFileType = image.png; path = "Default-568h@2x.png"; sourceTree = "<group>"; };
		F14FA34617741B5900868C1C /* en */ = {isa = PBXFileReference; lastKnownFileType = file.storyboard; name = en; path = en.lproj/MainStoryboard.storyboard; sourceTree = "<group>"; };
		F14FA34817741B5900868C1C /* MainViewController.h */ = {isa = PBXFileReference; lastKnownFileType = sourcecode.c.h; path = MainViewController.h; sourceTree = "<group>"; };
		F14FA34917741B5900868C1C /* MainViewController.m */ = {isa = PBXFileReference; lastKnownFileType = sourcecode.c.objc; path = MainViewController.m; sourceTree = "<group>"; };
		F14FA34B17741B5900868C1C /* FlipsideViewController.h */ = {isa = PBXFileReference; lastKnownFileType = sourcecode.c.h; path = FlipsideViewController.h; sourceTree = "<group>"; };
		F14FA34C17741B5900868C1C /* FlipsideViewController.m */ = {isa = PBXFileReference; lastKnownFileType = sourcecode.c.objc; path = FlipsideViewController.m; sourceTree = "<group>"; };
		F14FA35317741B5A00868C1C /* StudyBookTests.octest */ = {isa = PBXFileReference; explicitFileType = wrapper.cfbundle; includeInIndex = 0; path = StudyBookTests.octest; sourceTree = BUILT_PRODUCTS_DIR; };
		F14FA35417741B5A00868C1C /* SenTestingKit.framework */ = {isa = PBXFileReference; lastKnownFileType = wrapper.framework; name = SenTestingKit.framework; path = Library/Frameworks/SenTestingKit.framework; sourceTree = DEVELOPER_DIR; };
		F14FA35C17741B5A00868C1C /* StudyBookTests-Info.plist */ = {isa = PBXFileReference; lastKnownFileType = text.plist.xml; path = "StudyBookTests-Info.plist"; sourceTree = "<group>"; };
		F14FA35E17741B5A00868C1C /* en */ = {isa = PBXFileReference; lastKnownFileType = text.plist.strings; name = en; path = en.lproj/InfoPlist.strings; sourceTree = "<group>"; };
		F14FA36017741B5A00868C1C /* StudyBookTests.h */ = {isa = PBXFileReference; lastKnownFileType = sourcecode.c.h; path = StudyBookTests.h; sourceTree = "<group>"; };
		F14FA36117741B5A00868C1C /* StudyBookTests.m */ = {isa = PBXFileReference; lastKnownFileType = sourcecode.c.objc; path = StudyBookTests.m; sourceTree = "<group>"; };
		F14FA36C177423F100868C1C /* RegistViewController.h */ = {isa = PBXFileReference; fileEncoding = 4; lastKnownFileType = sourcecode.c.h; path = RegistViewController.h; sourceTree = "<group>"; };
		F14FA36D177423F100868C1C /* RegistViewController.m */ = {isa = PBXFileReference; fileEncoding = 4; lastKnownFileType = sourcecode.c.objc; path = RegistViewController.m; sourceTree = "<group>"; };
		F1AE89551779530000588EB7 /* LoginViewController.h */ = {isa = PBXFileReference; fileEncoding = 4; lastKnownFileType = sourcecode.c.h; path = LoginViewController.h; sourceTree = "<group>"; };
		F1AE89561779530000588EB7 /* LoginViewController.m */ = {isa = PBXFileReference; fileEncoding = 4; lastKnownFileType = sourcecode.c.objc; path = LoginViewController.m; sourceTree = "<group>"; };
		F1AE8958177959F200588EB7 /* FacebookSDK.framework */ = {isa = PBXFileReference; lastKnownFileType = wrapper.framework; path = FacebookSDK.framework; sourceTree = "<group>"; };
		F1AE895A17795F4100588EB7 /* Accounts.framework */ = {isa = PBXFileReference; lastKnownFileType = wrapper.framework; name = Accounts.framework; path = System/Library/Frameworks/Accounts.framework; sourceTree = SDKROOT; };
		F1AE895C17795F4C00588EB7 /* AdSupport.framework */ = {isa = PBXFileReference; lastKnownFileType = wrapper.framework; name = AdSupport.framework; path = System/Library/Frameworks/AdSupport.framework; sourceTree = SDKROOT; };
		F1AE895E17795F5F00588EB7 /* Security.framework */ = {isa = PBXFileReference; lastKnownFileType = wrapper.framework; name = Security.framework; path = System/Library/Frameworks/Security.framework; sourceTree = SDKROOT; };
		F1AE896017795F6900588EB7 /* Social.framework */ = {isa = PBXFileReference; lastKnownFileType = wrapper.framework; name = Social.framework; path = System/Library/Frameworks/Social.framework; sourceTree = SDKROOT; };
		F1AE896217795FAB00588EB7 /* libsqlite3.dylib */ = {isa = PBXFileReference; lastKnownFileType = "compiled.mach-o.dylib"; name = libsqlite3.dylib; path = usr/lib/libsqlite3.dylib; sourceTree = SDKROOT; };
		F1AE89641779616700588EB7 /* FacebookSDKResources.bundle */ = {isa = PBXFileReference; lastKnownFileType = "wrapper.plug-in"; path = FacebookSDKResources.bundle; sourceTree = "<group>"; };
		F1AE8A1F177AA19000588EB7 /* RestKit.xcodeproj */ = {isa = PBXFileReference; lastKnownFileType = "wrapper.pb-project"; name = RestKit.xcodeproj; path = "../../Desktop/RestKit-0.20.2/RestKit.xcodeproj"; sourceTree = "<group>"; };
		F1AE8A31177AA3B400588EB7 /* CFNetwork.framework */ = {isa = PBXFileReference; lastKnownFileType = wrapper.framework; name = CFNetwork.framework; path = System/Library/Frameworks/CFNetwork.framework; sourceTree = SDKROOT; };
		F1AE8A33177AA3C500588EB7 /* CoreData.framework */ = {isa = PBXFileReference; lastKnownFileType = wrapper.framework; name = CoreData.framework; path = System/Library/Frameworks/CoreData.framework; sourceTree = SDKROOT; };
		F1AE8A35177AA3D800588EB7 /* libxml2.dylib */ = {isa = PBXFileReference; lastKnownFileType = "compiled.mach-o.dylib"; name = libxml2.dylib; path = usr/lib/libxml2.dylib; sourceTree = SDKROOT; };
		F1AE8A37177AA3EC00588EB7 /* MobileCoreServices.framework */ = {isa = PBXFileReference; lastKnownFileType = wrapper.framework; name = MobileCoreServices.framework; path = System/Library/Frameworks/MobileCoreServices.framework; sourceTree = SDKROOT; };
		F1AE8A39177AA3F800588EB7 /* QuartzCore.framework */ = {isa = PBXFileReference; lastKnownFileType = wrapper.framework; name = QuartzCore.framework; path = System/Library/Frameworks/QuartzCore.framework; sourceTree = SDKROOT; };
		F1AE8A3B177AA40B00588EB7 /* SystemConfiguration.framework */ = {isa = PBXFileReference; lastKnownFileType = wrapper.framework; name = SystemConfiguration.framework; path = System/Library/Frameworks/SystemConfiguration.framework; sourceTree = SDKROOT; };
		F1AE8A3D177AA68D00588EB7 /* Venue.h */ = {isa = PBXFileReference; fileEncoding = 4; lastKnownFileType = sourcecode.c.h; path = Venue.h; sourceTree = "<group>"; };
		F1AE8A3E177AA68D00588EB7 /* Venue.m */ = {isa = PBXFileReference; fileEncoding = 4; lastKnownFileType = sourcecode.c.objc; path = Venue.m; sourceTree = "<group>"; };
/* End PBXFileReference section */

/* Begin PBXFrameworksBuildPhase section */
		F14FA32717741B5900868C1C /* Frameworks */ = {
			isa = PBXFrameworksBuildPhase;
			buildActionMask = 2147483647;
			files = (
				F1AE8A3C177AA40B00588EB7 /* SystemConfiguration.framework in Frameworks */,
				F1AE8A3A177AA3F800588EB7 /* QuartzCore.framework in Frameworks */,
				F1AE8A38177AA3EC00588EB7 /* MobileCoreServices.framework in Frameworks */,
				F1AE8A36177AA3D800588EB7 /* libxml2.dylib in Frameworks */,
				F1AE8A34177AA3C500588EB7 /* CoreData.framework in Frameworks */,
				F1AE8A32177AA3B400588EB7 /* CFNetwork.framework in Frameworks */,
				F1AE8A30177AA3A200588EB7 /* libRestKit.a in Frameworks */,
				F1AE896317795FAB00588EB7 /* libsqlite3.dylib in Frameworks */,
				F1AE896117795F6900588EB7 /* Social.framework in Frameworks */,
				F1AE895F17795F5F00588EB7 /* Security.framework in Frameworks */,
				F1AE895D17795F4C00588EB7 /* AdSupport.framework in Frameworks */,
				F1AE895B17795F4100588EB7 /* Accounts.framework in Frameworks */,
				F14FA32E17741B5900868C1C /* UIKit.framework in Frameworks */,
				F14FA33017741B5900868C1C /* Foundation.framework in Frameworks */,
				F14FA33217741B5900868C1C /* CoreGraphics.framework in Frameworks */,
				F1AE8959177959F200588EB7 /* FacebookSDK.framework in Frameworks */,
			);
			runOnlyForDeploymentPostprocessing = 0;
		};
		F14FA34F17741B5A00868C1C /* Frameworks */ = {
			isa = PBXFrameworksBuildPhase;
			buildActionMask = 2147483647;
			files = (
				F14FA35517741B5A00868C1C /* SenTestingKit.framework in Frameworks */,
				F14FA35617741B5A00868C1C /* UIKit.framework in Frameworks */,
				F14FA35717741B5A00868C1C /* Foundation.framework in Frameworks */,
			);
			runOnlyForDeploymentPostprocessing = 0;
		};
/* End PBXFrameworksBuildPhase section */

/* Begin PBXGroup section */
		F14FA32117741B5900868C1C = {
			isa = PBXGroup;
			children = (
				F1AE8A1F177AA19000588EB7 /* RestKit.xcodeproj */,
				F14FA33317741B5900868C1C /* StudyBook */,
				F14FA35A17741B5A00868C1C /* StudyBookTests */,
				F14FA32C17741B5900868C1C /* Frameworks */,
				F14FA32B17741B5900868C1C /* Products */,
			);
			sourceTree = "<group>";
		};
		F14FA32B17741B5900868C1C /* Products */ = {
			isa = PBXGroup;
			children = (
				F14FA32A17741B5900868C1C /* StudyBook.app */,
				F14FA35317741B5A00868C1C /* StudyBookTests.octest */,
			);
			name = Products;
			sourceTree = "<group>";
		};
		F14FA32C17741B5900868C1C /* Frameworks */ = {
			isa = PBXGroup;
			children = (
				F1AE8A3B177AA40B00588EB7 /* SystemConfiguration.framework */,
				F1AE8A39177AA3F800588EB7 /* QuartzCore.framework */,
				F1AE8A37177AA3EC00588EB7 /* MobileCoreServices.framework */,
				F1AE8A35177AA3D800588EB7 /* libxml2.dylib */,
				F1AE8A33177AA3C500588EB7 /* CoreData.framework */,
				F1AE8A31177AA3B400588EB7 /* CFNetwork.framework */,
				F1AE89641779616700588EB7 /* FacebookSDKResources.bundle */,
				F1AE896217795FAB00588EB7 /* libsqlite3.dylib */,
				F1AE896017795F6900588EB7 /* Social.framework */,
				F1AE895E17795F5F00588EB7 /* Security.framework */,
				F1AE895C17795F4C00588EB7 /* AdSupport.framework */,
				F1AE895A17795F4100588EB7 /* Accounts.framework */,
				F1AE8958177959F200588EB7 /* FacebookSDK.framework */,
				F14FA32D17741B5900868C1C /* UIKit.framework */,
				F14FA32F17741B5900868C1C /* Foundation.framework */,
				F14FA33117741B5900868C1C /* CoreGraphics.framework */,
				F14FA35417741B5A00868C1C /* SenTestingKit.framework */,
			);
			name = Frameworks;
			sourceTree = "<group>";
		};
		F14FA33317741B5900868C1C /* StudyBook */ = {
			isa = PBXGroup;
			children = (
				F14FA33C17741B5900868C1C /* AppDelegate.h */,
				F1AE8A3D177AA68D00588EB7 /* Venue.h */,
				F1AE8A3E177AA68D00588EB7 /* Venue.m */,
				F14FA33D17741B5900868C1C /* AppDelegate.m */,
				F14FA34517741B5900868C1C /* MainStoryboard.storyboard */,
				F14FA34817741B5900868C1C /* MainViewController.h */,
				F14FA34917741B5900868C1C /* MainViewController.m */,
				F14FA36C177423F100868C1C /* RegistViewController.h */,
				F14FA36D177423F100868C1C /* RegistViewController.m */,
				F14FA34B17741B5900868C1C /* FlipsideViewController.h */,
				F14FA34C17741B5900868C1C /* FlipsideViewController.m */,
				F1AE89551779530000588EB7 /* LoginViewController.h */,
				F1AE89561779530000588EB7 /* LoginViewController.m */,
				F14FA33417741B5900868C1C /* Supporting Files */,
			);
			path = StudyBook;
			sourceTree = "<group>";
		};
		F14FA33417741B5900868C1C /* Supporting Files */ = {
			isa = PBXGroup;
			children = (
				F14FA33517741B5900868C1C /* StudyBook-Info.plist */,
				F14FA33617741B5900868C1C /* InfoPlist.strings */,
				F14FA33917741B5900868C1C /* main.m */,
				F14FA33B17741B5900868C1C /* StudyBook-Prefix.pch */,
				F14FA33F17741B5900868C1C /* Default.png */,
				F14FA34117741B5900868C1C /* Default@2x.png */,
				F14FA34317741B5900868C1C /* Default-568h@2x.png */,
			);
			name = "Supporting Files";
			sourceTree = "<group>";
		};
		F14FA35A17741B5A00868C1C /* StudyBookTests */ = {
			isa = PBXGroup;
			children = (
				F14FA36017741B5A00868C1C /* StudyBookTests.h */,
				F14FA36117741B5A00868C1C /* StudyBookTests.m */,
				F14FA35B17741B5A00868C1C /* Supporting Files */,
			);
			path = StudyBookTests;
			sourceTree = "<group>";
		};
		F14FA35B17741B5A00868C1C /* Supporting Files */ = {
			isa = PBXGroup;
			children = (
				F14FA35C17741B5A00868C1C /* StudyBookTests-Info.plist */,
				F14FA35D17741B5A00868C1C /* InfoPlist.strings */,
			);
			name = "Supporting Files";
			sourceTree = "<group>";
		};
		F1AE8A20177AA19000588EB7 /* Products */ = {
			isa = PBXGroup;
			children = (
				F1AE8A27177AA19100588EB7 /* libRestKit.a */,
				F1AE8A29177AA19100588EB7 /* RestKitTests.octest */,
				F1AE8A2B177AA19100588EB7 /* RestKit.framework */,
				F1AE8A2D177AA19100588EB7 /* RestKitFrameworkTests.octest */,
			);
			name = Products;
			sourceTree = "<group>";
		};
/* End PBXGroup section */

/* Begin PBXNativeTarget section */
		F14FA32917741B5900868C1C /* StudyBook */ = {
			isa = PBXNativeTarget;
			buildConfigurationList = F14FA36517741B5A00868C1C /* Build configuration list for PBXNativeTarget "StudyBook" */;
			buildPhases = (
				F14FA32617741B5900868C1C /* Sources */,
				F14FA32717741B5900868C1C /* Frameworks */,
				F14FA32817741B5900868C1C /* Resources */,
			);
			buildRules = (
			);
			dependencies = (
				F1AE8A2F177AA36200588EB7 /* PBXTargetDependency */,
			);
			name = StudyBook;
			productName = StudyBook;
			productReference = F14FA32A17741B5900868C1C /* StudyBook.app */;
			productType = "com.apple.product-type.application";
		};
		F14FA35217741B5A00868C1C /* StudyBookTests */ = {
			isa = PBXNativeTarget;
			buildConfigurationList = F14FA36817741B5A00868C1C /* Build configuration list for PBXNativeTarget "StudyBookTests" */;
			buildPhases = (
				F14FA34E17741B5A00868C1C /* Sources */,
				F14FA34F17741B5A00868C1C /* Frameworks */,
				F14FA35017741B5A00868C1C /* Resources */,
				F14FA35117741B5A00868C1C /* ShellScript */,
			);
			buildRules = (
			);
			dependencies = (
				F14FA35917741B5A00868C1C /* PBXTargetDependency */,
			);
			name = StudyBookTests;
			productName = StudyBookTests;
			productReference = F14FA35317741B5A00868C1C /* StudyBookTests.octest */;
			productType = "com.apple.product-type.bundle";
		};
/* End PBXNativeTarget section */

/* Begin PBXProject section */
		F14FA32217741B5900868C1C /* Project object */ = {
			isa = PBXProject;
			attributes = {
				LastUpgradeCheck = 0460;
				ORGANIZATIONNAME = "Tatsuya Ishisaka";
			};
			buildConfigurationList = F14FA32517741B5900868C1C /* Build configuration list for PBXProject "StudyBook" */;
			compatibilityVersion = "Xcode 3.2";
			developmentRegion = English;
			hasScannedForEncodings = 0;
			knownRegions = (
				en,
			);
			mainGroup = F14FA32117741B5900868C1C;
			productRefGroup = F14FA32B17741B5900868C1C /* Products */;
			projectDirPath = "";
			projectReferences = (
				{
					ProductGroup = F1AE8A20177AA19000588EB7 /* Products */;
					ProjectRef = F1AE8A1F177AA19000588EB7 /* RestKit.xcodeproj */;
				},
			);
			projectRoot = "";
			targets = (
				F14FA32917741B5900868C1C /* StudyBook */,
				F14FA35217741B5A00868C1C /* StudyBookTests */,
			);
		};
/* End PBXProject section */

/* Begin PBXReferenceProxy section */
		F1AE8A27177AA19100588EB7 /* libRestKit.a */ = {
			isa = PBXReferenceProxy;
			fileType = archive.ar;
			path = libRestKit.a;
			remoteRef = F1AE8A26177AA19100588EB7 /* PBXContainerItemProxy */;
			sourceTree = BUILT_PRODUCTS_DIR;
		};
		F1AE8A29177AA19100588EB7 /* RestKitTests.octest */ = {
			isa = PBXReferenceProxy;
			fileType = wrapper.cfbundle;
			path = RestKitTests.octest;
			remoteRef = F1AE8A28177AA19100588EB7 /* PBXContainerItemProxy */;
			sourceTree = BUILT_PRODUCTS_DIR;
		};
		F1AE8A2B177AA19100588EB7 /* RestKit.framework */ = {
			isa = PBXReferenceProxy;
			fileType = wrapper.framework;
			path = RestKit.framework;
			remoteRef = F1AE8A2A177AA19100588EB7 /* PBXContainerItemProxy */;
			sourceTree = BUILT_PRODUCTS_DIR;
		};
		F1AE8A2D177AA19100588EB7 /* RestKitFrameworkTests.octest */ = {
			isa = PBXReferenceProxy;
			fileType = wrapper.cfbundle;
			path = RestKitFrameworkTests.octest;
			remoteRef = F1AE8A2C177AA19100588EB7 /* PBXContainerItemProxy */;
			sourceTree = BUILT_PRODUCTS_DIR;
		};
/* End PBXReferenceProxy section */

/* Begin PBXResourcesBuildPhase section */
		F14FA32817741B5900868C1C /* Resources */ = {
			isa = PBXResourcesBuildPhase;
			buildActionMask = 2147483647;
			files = (
				F14FA33817741B5900868C1C /* InfoPlist.strings in Resources */,
				F14FA34017741B5900868C1C /* Default.png in Resources */,
				F14FA34217741B5900868C1C /* Default@2x.png in Resources */,
				F14FA34417741B5900868C1C /* Default-568h@2x.png in Resources */,
				F14FA34717741B5900868C1C /* MainStoryboard.storyboard in Resources */,
				F1AE89651779616700588EB7 /* FacebookSDKResources.bundle in Resources */,
			);
			runOnlyForDeploymentPostprocessing = 0;
		};
		F14FA35017741B5A00868C1C /* Resources */ = {
			isa = PBXResourcesBuildPhase;
			buildActionMask = 2147483647;
			files = (
				F14FA35F17741B5A00868C1C /* InfoPlist.strings in Resources */,
			);
			runOnlyForDeploymentPostprocessing = 0;
		};
/* End PBXResourcesBuildPhase section */

/* Begin PBXShellScriptBuildPhase section */
		F14FA35117741B5A00868C1C /* ShellScript */ = {
			isa = PBXShellScriptBuildPhase;
			buildActionMask = 2147483647;
			files = (
			);
			inputPaths = (
			);
			outputPaths = (
			);
			runOnlyForDeploymentPostprocessing = 0;
			shellPath = /bin/sh;
			shellScript = "# Run the unit tests in this test bundle.\n\"${SYSTEM_DEVELOPER_DIR}/Tools/RunUnitTests\"\n";
		};
/* End PBXShellScriptBuildPhase section */

/* Begin PBXSourcesBuildPhase section */
		F14FA32617741B5900868C1C /* Sources */ = {
			isa = PBXSourcesBuildPhase;
			buildActionMask = 2147483647;
			files = (
				F14FA33A17741B5900868C1C /* main.m in Sources */,
				F14FA33E17741B5900868C1C /* AppDelegate.m in Sources */,
				F14FA34A17741B5900868C1C /* MainViewController.m in Sources */,
				F14FA34D17741B5900868C1C /* FlipsideViewController.m in Sources */,
				F14FA36E177423F100868C1C /* RegistViewController.m in Sources */,
				F1AE89571779530000588EB7 /* LoginViewController.m in Sources */,
				F1AE8A3F177AA68D00588EB7 /* Venue.m in Sources */,
			);
			runOnlyForDeploymentPostprocessing = 0;
		};
		F14FA34E17741B5A00868C1C /* Sources */ = {
			isa = PBXSourcesBuildPhase;
			buildActionMask = 2147483647;
			files = (
				F14FA36217741B5A00868C1C /* StudyBookTests.m in Sources */,
			);
			runOnlyForDeploymentPostprocessing = 0;
		};
/* End PBXSourcesBuildPhase section */

/* Begin PBXTargetDependency section */
		F14FA35917741B5A00868C1C /* PBXTargetDependency */ = {
			isa = PBXTargetDependency;
			target = F14FA32917741B5900868C1C /* StudyBook */;
			targetProxy = F14FA35817741B5A00868C1C /* PBXContainerItemProxy */;
		};
		F1AE8A2F177AA36200588EB7 /* PBXTargetDependency */ = {
			isa = PBXTargetDependency;
			name = RestKit;
			targetProxy = F1AE8A2E177AA36200588EB7 /* PBXContainerItemProxy */;
		};
/* End PBXTargetDependency section */

/* Begin PBXVariantGroup section */
		F14FA33617741B5900868C1C /* InfoPlist.strings */ = {
			isa = PBXVariantGroup;
			children = (
				F14FA33717741B5900868C1C /* en */,
			);
			name = InfoPlist.strings;
			sourceTree = "<group>";
		};
		F14FA34517741B5900868C1C /* MainStoryboard.storyboard */ = {
			isa = PBXVariantGroup;
			children = (
				F14FA34617741B5900868C1C /* en */,
			);
			name = MainStoryboard.storyboard;
			sourceTree = "<group>";
		};
		F14FA35D17741B5A00868C1C /* InfoPlist.strings */ = {
			isa = PBXVariantGroup;
			children = (
				F14FA35E17741B5A00868C1C /* en */,
			);
			name = InfoPlist.strings;
			sourceTree = "<group>";
		};
/* End PBXVariantGroup section */

/* Begin XCBuildConfiguration section */
		F14FA36317741B5A00868C1C /* Debug */ = {
			isa = XCBuildConfiguration;
			buildSettings = {
				ALWAYS_SEARCH_USER_PATHS = NO;
				CLANG_CXX_LANGUAGE_STANDARD = "gnu++0x";
				CLANG_CXX_LIBRARY = "libc++";
				CLANG_WARN_CONSTANT_CONVERSION = YES;
				CLANG_WARN_EMPTY_BODY = YES;
				CLANG_WARN_ENUM_CONVERSION = YES;
				CLANG_WARN_INT_CONVERSION = YES;
				CLANG_WARN__DUPLICATE_METHOD_MATCH = YES;
				"CODE_SIGN_IDENTITY[sdk=iphoneos*]" = "iPhone Developer";
				COPY_PHASE_STRIP = NO;
				GCC_C_LANGUAGE_STANDARD = gnu99;
				GCC_DYNAMIC_NO_PIC = NO;
				GCC_OPTIMIZATION_LEVEL = 0;
				GCC_PREPROCESSOR_DEFINITIONS = (
					"DEBUG=1",
					"$(inherited)",
				);
				GCC_SYMBOLS_PRIVATE_EXTERN = NO;
				GCC_WARN_ABOUT_RETURN_TYPE = YES;
				GCC_WARN_UNINITIALIZED_AUTOS = YES;
				GCC_WARN_UNUSED_VARIABLE = YES;
				IPHONEOS_DEPLOYMENT_TARGET = 6.1;
				ONLY_ACTIVE_ARCH = YES;
				SDKROOT = iphoneos;
			};
			name = Debug;
		};
		F14FA36417741B5A00868C1C /* Release */ = {
			isa = XCBuildConfiguration;
			buildSettings = {
				ALWAYS_SEARCH_USER_PATHS = NO;
				CLANG_CXX_LANGUAGE_STANDARD = "gnu++0x";
				CLANG_CXX_LIBRARY = "libc++";
				CLANG_WARN_CONSTANT_CONVERSION = YES;
				CLANG_WARN_EMPTY_BODY = YES;
				CLANG_WARN_ENUM_CONVERSION = YES;
				CLANG_WARN_INT_CONVERSION = YES;
				CLANG_WARN__DUPLICATE_METHOD_MATCH = YES;
				"CODE_SIGN_IDENTITY[sdk=iphoneos*]" = "iPhone Developer";
				COPY_PHASE_STRIP = YES;
				GCC_C_LANGUAGE_STANDARD = gnu99;
				GCC_WARN_ABOUT_RETURN_TYPE = YES;
				GCC_WARN_UNINITIALIZED_AUTOS = YES;
				GCC_WARN_UNUSED_VARIABLE = YES;
				IPHONEOS_DEPLOYMENT_TARGET = 6.1;
				OTHER_CFLAGS = "-DNS_BLOCK_ASSERTIONS=1";
				SDKROOT = iphoneos;
				VALIDATE_PRODUCT = YES;
			};
			name = Release;
		};
		F14FA36617741B5A00868C1C /* Debug */ = {
			isa = XCBuildConfiguration;
			buildSettings = {
				FRAMEWORK_SEARCH_PATHS = (
					"$(inherited)",
					"\"$(SRCROOT)\"",
				);
				GCC_PRECOMPILE_PREFIX_HEADER = YES;
				GCC_PREFIX_HEADER = "StudyBook/StudyBook-Prefix.pch";
				HEADER_SEARCH_PATHS = "$(BUILT_PRODUCTS_DIR)/../../Headers";
				INFOPLIST_FILE = "StudyBook/StudyBook-Info.plist";
				OTHER_LDFLAGS = "-ObjC";
				PRODUCT_NAME = "$(TARGET_NAME)";
				WRAPPER_EXTENSION = app;
			};
			name = Debug;
		};
		F14FA36717741B5A00868C1C /* Release */ = {
			isa = XCBuildConfiguration;
			buildSettings = {
				FRAMEWORK_SEARCH_PATHS = (
					"$(inherited)",
					"\"$(SRCROOT)\"",
				);
				GCC_PRECOMPILE_PREFIX_HEADER = YES;
				GCC_PREFIX_HEADER = "StudyBook/StudyBook-Prefix.pch";
				HEADER_SEARCH_PATHS = "$(BUILT_PRODUCTS_DIR)/../../Headers";
				INFOPLIST_FILE = "StudyBook/StudyBook-Info.plist";
				OTHER_LDFLAGS = "-ObjC";
				PRODUCT_NAME = "$(TARGET_NAME)";
				WRAPPER_EXTENSION = app;
			};
			name = Release;
		};
		F14FA36917741B5A00868C1C /* Debug */ = {
			isa = XCBuildConfiguration;
			buildSettings = {
				BUNDLE_LOADER = "$(BUILT_PRODUCTS_DIR)/StudyBook.app/StudyBook";
				FRAMEWORK_SEARCH_PATHS = (
					"\"$(SDKROOT)/Developer/Library/Frameworks\"",
					"\"$(DEVELOPER_LIBRARY_DIR)/Frameworks\"",
				);
				GCC_PRECOMPILE_PREFIX_HEADER = YES;
				GCC_PREFIX_HEADER = "StudyBook/StudyBook-Prefix.pch";
				INFOPLIST_FILE = "StudyBookTests/StudyBookTests-Info.plist";
				PRODUCT_NAME = "$(TARGET_NAME)";
				TEST_HOST = "$(BUNDLE_LOADER)";
				WRAPPER_EXTENSION = octest;
			};
			name = Debug;
		};
		F14FA36A17741B5A00868C1C /* Release */ = {
			isa = XCBuildConfiguration;
			buildSettings = {
				BUNDLE_LOADER = "$(BUILT_PRODUCTS_DIR)/StudyBook.app/StudyBook";
				FRAMEWORK_SEARCH_PATHS = (
					"\"$(SDKROOT)/Developer/Library/Frameworks\"",
					"\"$(DEVELOPER_LIBRARY_DIR)/Frameworks\"",
				);
				GCC_PRECOMPILE_PREFIX_HEADER = YES;
				GCC_PREFIX_HEADER = "StudyBook/StudyBook-Prefix.pch";
				INFOPLIST_FILE = "StudyBookTests/StudyBookTests-Info.plist";
				PRODUCT_NAME = "$(TARGET_NAME)";
				TEST_HOST = "$(BUNDLE_LOADER)";
				WRAPPER_EXTENSION = octest;
			};
			name = Release;
		};
/* End XCBuildConfiguration section */

/* Begin XCConfigurationList section */
		F14FA32517741B5900868C1C /* Build configuration list for PBXProject "StudyBook" */ = {
			isa = XCConfigurationList;
			buildConfigurations = (
				F14FA36317741B5A00868C1C /* Debug */,
				F14FA36417741B5A00868C1C /* Release */,
			);
			defaultConfigurationIsVisible = 0;
			defaultConfigurationName = Release;
		};
		F14FA36517741B5A00868C1C /* Build configuration list for PBXNativeTarget "StudyBook" */ = {
			isa = XCConfigurationList;
			buildConfigurations = (
				F14FA36617741B5A00868C1C /* Debug */,
				F14FA36717741B5A00868C1C /* Release */,
			);
			defaultConfigurationIsVisible = 0;
			defaultConfigurationName = Release;
		};
		F14FA36817741B5A00868C1C /* Build configuration list for PBXNativeTarget "StudyBookTests" */ = {
			isa = XCConfigurationList;
			buildConfigurations = (
				F14FA36917741B5A00868C1C /* Debug */,
				F14FA36A17741B5A00868C1C /* Release */,
			);
			defaultConfigurationIsVisible = 0;
			defaultConfigurationName = Release;
		};
/* End XCConfigurationList section */
	};
	rootObject = F14FA32217741B5900868C1C /* Project object */;
}
